// !$*UTF8*$!
{
	archiveVersion = 1;
	classes = {
	};
	objectVersion = 77;
	objects = {

/* Begin PBXContainerItemProxy section */
		3A9B18E02FBBF27500EF7F5E /* PBXContainerItemProxy */ = {
			isa = PBXContainerItemProxy;
			containerPortal = 3A9B18CA2FBBF27200EF7F5E /* Project object */;
			proxyType = 1;
			remoteGlobalIDString = 3A9B18D12FBBF27200EF7F5E;
			remoteInfo = SwiftUI_AI;
		};
		3A9B18EA2FBBF27500EF7F5E /* PBXContainerItemProxy */ = {
			isa = PBXContainerItemProxy;
			containerPortal = 3A9B18CA2FBBF27200EF7F5E /* Project object */;
			proxyType = 1;
			remoteGlobalIDString = 3A9B18D12FBBF27200EF7F5E;
			remoteInfo = SwiftUI_AI;
		};
/* End PBXContainerItemProxy section */

/* Begin PBXFileReference section */
		3A9B18D22FBBF27200EF7F5E /* SwiftUI_AI.app */ = {isa = PBXFileReference; explicitFileType = wrapper.application; includeInIndex = 0; path = SwiftUI_AI.app; sourceTree = BUILT_PRODUCTS_DIR; };
		3A9B18DF2FBBF27500EF7F5E /* SwiftUI_AITests.xctest */ = {isa = PBXFileReference; explicitFileType = wrapper.cfbundle; includeInIndex = 0; path = SwiftUI_AITests.xctest; sourceTree = BUILT_PRODUCTS_DIR; };
		3A9B18E92FBBF27500EF7F5E /* SwiftUI_AIUITests.xctest */ = {isa = PBXFileReference; explicitFileType = wrapper.cfbundle; includeInIndex = 0; path = SwiftUI_AIUITests.xctest; sourceTree = BUILT_PRODUCTS_DIR; };
/* End PBXFileReference section */

/* Begin PBXFileSystemSynchronizedRootGroup section */
		3A9B18D42FBBF27200EF7F5E /* SwiftUI_AI */ = {
			isa = PBXFileSystemSynchronizedRootGroup;
			path = SwiftUI_AI;
			sourceTree = "<group>";
		};
		3A9B18E22FBBF27500EF7F5E /* SwiftUI_AITests */ = {
			isa = PBXFileSystemSynchronizedRootGroup;
			path = SwiftUI_AITests;
			sourceTree = "<group>";
		};
		3A9B18EC2FBBF27500EF7F5E /* SwiftUI_AIUITests */ = {
			isa = PBXFileSystemSynchronizedRootGroup;
			path = SwiftUI_AIUITests;
			sourceTree = "<group>";
		};
/* End PBXFileSystemSynchronizedRootGroup section */

/* Begin PBXFrameworksBuildPhase section */
		3A9B18CF2FBBF27200EF7F5E /* Frameworks */ = {
			isa = PBXFrameworksBuildPhase;
			buildActionMask = 2147483647;
			files = (
			);
			runOnlyForDeploymentPostprocessing = 0;
		};
		3A9B18DC2FBBF27500EF7F5E /* Frameworks */ = {
			isa = PBXFrameworksBuildPhase;
			buildActionMask = 2147483647;
			files = (
			);
			runOnlyForDeploymentPostprocessing = 0;
		};
		3A9B18E62FBBF27500EF7F5E /* Frameworks */ = {
			isa = PBXFrameworksBuildPhase;
			buildActionMask = 2147483647;
			files = (
			);
			runOnlyForDeploymentPostprocessing = 0;
		};
/* End PBXFrameworksBuildPhase section */

/* Begin PBXGroup section */
		3A9B18C92FBBF27200EF7F5E = {
			isa = PBXGroup;
			children = (
				3A9B18D42FBBF27200EF7F5E /* SwiftUI_AI */,
				3A9B18E22FBBF27500EF7F5E /* SwiftUI_AITests */,
				3A9B18EC2FBBF27500EF7F5E /* SwiftUI_AIUITests */,
				3A9B18D32FBBF27200EF7F5E /* Products */,
			);
			sourceTree = "<group>";
		};
		3A9B18D32FBBF27200EF7F5E /* Products */ = {
			isa = PBXGroup;
			children = (
				3A9B18D22FBBF27200EF7F5E /* SwiftUI_AI.app */,
				3A9B18DF2FBBF27500EF7F5E /* SwiftUI_AITests.xctest */,
				3A9B18E92FBBF27500EF7F5E /* SwiftUI_AIUITests.xctest */,
			);
			name = Products;
			sourceTree = "<group>";
		};
/* End PBXGroup section */

/* Begin PBXNativeTarget section */
		3A9B18D12FBBF27200EF7F5E /* SwiftUI_AI */ = {
			isa = PBXNativeTarget;
			buildConfigurationList = 3A9B18F32FBBF27500EF7F5E /* Build configuration list for PBXNativeTarget "SwiftUI_AI" */;
			buildPhases = (
				3A9B18CE2FBBF27200EF7F5E /* Sources */,
				3A9B18CF2FBBF27200EF7F5E /* Frameworks */,
				3A9B18D02FBBF27200EF7F5E /* Resources */,
			);
			buildRules = (
			);
			dependencies = (
			);
			fileSystemSynchronizedGroups = (
				3A9B18D42FBBF27200EF7F5E /* SwiftUI_AI */,
			);
			name = SwiftUI_AI;
			packageProductDependencies = (
			);
			productName = SwiftUI_AI;
			productReference = 3A9B18D22FBBF27200EF7F5E /* SwiftUI_AI.app */;
			productType = "com.apple.product-type.application";
		};
		3A9B18DE2FBBF27500EF7F5E /* SwiftUI_AITests */ = {
			isa = PBXNativeTarget;
			buildConfigurationList = 3A9B18F62FBBF27500EF7F5E /* Build configuration list for PBXNativeTarget "SwiftUI_AITests" */;
			buildPhases = (
				3A9B18DB2FBBF27500EF7F5E /* Sources */,
				3A9B18DC2FBBF27500EF7F5E /* Frameworks */,
				3A9B18DD2FBBF27500EF7F5E /* Resources */,
			);
			buildRules = (
			);
			dependencies = (
				3A9B18E12FBBF27500EF7F5E /* PBXTargetDependency */,
			);
			fileSystemSynchronizedGroups = (
				3A9B18E22FBBF27500EF7F5E /* SwiftUI_AITests */,
			);
			name = SwiftUI_AITests;
			packageProductDependencies = (
			);
			productName = SwiftUI_AITests;
			productReference = 3A9B18DF2FBBF27500EF7F5E /* SwiftUI_AITests.xctest */;
			productType = "com.apple.product-type.bundle.unit-test";
		};
		3A9B18E82FBBF27500EF7F5E /* SwiftUI_AIUITests */ = {
			isa = PBXNativeTarget;
			buildConfigurationList = 3A9B18F92FBBF27500EF7F5E /* Build configuration list for PBXNativeTarget "SwiftUI_AIUITests" */;
			buildPhases = (
				3A9B18E52FBBF27500EF7F5E /* Sources */,
				3A9B18E62FBBF27500EF7F5E /* Frameworks */,
				3A9B18E72FBBF27500EF7F5E /* Resources */,
			);
			buildRules = (
			);
			dependencies = (
				3A9B18EB2FBBF27500EF7F5E /* PBXTargetDependency */,
			);
			fileSystemSynchronizedGroups = (
				3A9B18EC2FBBF27500EF7F5E /* SwiftUI_AIUITests */,
			);
			name = SwiftUI_AIUITests;
			packageProductDependencies = (
			);
			productName = SwiftUI_AIUITests;
			productReference = 3A9B18E92FBBF27500EF7F5E /* SwiftUI_AIUITests.xctest */;
			productType = "com.apple.product-type.bundle.ui-testing";
		};
/* End PBXNativeTarget section */

/* Begin PBXProject section */
		3A9B18CA2FBBF27200EF7F5E /* Project object */ = {
			isa = PBXProject;
			attributes = {
				BuildIndependentTargetsInParallel = 1;
				LastSwiftUpdateCheck = 2640;
				LastUpgradeCheck = 2640;
				TargetAttributes = {
					3A9B18D12FBBF27200EF7F5E = {
						CreatedOnToolsVersion = 26.4;
					};
					3A9B18DE2FBBF27500EF7F5E = {
						CreatedOnToolsVersion = 26.4;
						TestTargetID = 3A9B18D12FBBF27200EF7F5E;
					};
					3A9B18E82FBBF27500EF7F5E = {
						CreatedOnToolsVersion = 26.4;
						TestTargetID = 3A9B18D12FBBF27200EF7F5E;
					};
				};
			};
			buildConfigurationList = 3A9B18CD2FBBF27200EF7F5E /* Build configuration list for PBXProject "SwiftUI_AI" */;
			developmentRegion = en;
			hasScannedForEncodings = 0;
			knownRegions = (
				en,
				Base,
			);
			mainGroup = 3A9B18C92FBBF27200EF7F5E;
			minimizedProjectReferenceProxies = 1;
			preferredProjectObjectVersion = 77;
			productRefGroup = 3A9B18D32FBBF27200EF7F5E /* Products */;
			projectDirPath = "";
			projectRoot = "";
			targets = (
				3A9B18D12FBBF27200EF7F5E /* SwiftUI_AI */,
				3A9B18DE2FBBF27500EF7F5E /* SwiftUI_AITests */,
				3A9B18E82FBBF27500EF7F5E /* SwiftUI_AIUITests */,
			);
		};
/* End PBXProject section */

/* Begin PBXResourcesBuildPhase section */
		3A9B18D02FBBF27200EF7F5E /* Resources */ = {
			isa = PBXResourcesBuildPhase;
			buildActionMask = 2147483647;
			files = (
			);
			runOnlyForDeploymentPostprocessing = 0;
		};
		3A9B18DD2FBBF27500EF7F5E /* Resources */ = {
			isa = PBXResourcesBuildPhase;
			buildActionMask = 2147483647;
			files = (
			);
			runOnlyForDeploymentPostprocessing = 0;
		};
		3A9B18E72FBBF27500EF7F5E /* Resources */ = {
			isa = PBXResourcesBuildPhase;
			buildActionMask = 2147483647;
			files = (
			);
			runOnlyForDeploymentPostprocessing = 0;
		};
/* End PBXResourcesBuildPhase section */

/* Begin PBXSourcesBuildPhase section */
		3A9B18CE2FBBF27200EF7F5E /* Sources */ = {
			isa = PBXSourcesBuildPhase;
			buildActionMask = 2147483647;
			files = (
			);
			runOnlyForDeploymentPostprocessing = 0;
		};
		3A9B18DB2FBBF27500EF7F5E /* Sources */ = {
			isa = PBXSourcesBuildPhase;
			buildActionMask = 2147483647;
			files = (
			);
			runOnlyForDeploymentPostprocessing = 0;
		};
		3A9B18E52FBBF27500EF7F5E /* Sources */ = {
			isa = PBXSourcesBuildPhase;
			buildActionMask = 2147483647;
			files = (
			);
			runOnlyForDeploymentPostprocessing = 0;
		};
/* End PBXSourcesBuildPhase section */

/* Begin PBXTargetDependency section */
		3A9B18E12FBBF27500EF7F5E /* PBXTargetDependency */ = {
			isa = PBXTargetDependency;
			target = 3A9B18D12FBBF27200EF7F5E /* SwiftUI_AI */;
			targetProxy = 3A9B18E02FBBF27500EF7F5E /* PBXContainerItemProxy */;
		};
		3A9B18EB2FBBF27500EF7F5E /* PBXTargetDependency */ = {
			isa = PBXTargetDependency;
			target = 3A9B18D12FBBF27200EF7F5E /* SwiftUI_AI */;
			targetProxy = 3A9B18EA2FBBF27500EF7F5E /* PBXContainerItemProxy */;
		};
/* End PBXTargetDependency section */

/* Begin XCBuildConfiguration section */
		3A9B18F12FBBF27500EF7F5E /* Debug */ = {
			isa = XCBuildConfiguration;
			buildSettings = {
				ALWAYS_SEARCH_USER_PATHS = NO;
				ASSETCATALOG_COMPILER_GENERATE_SWIFT_ASSET_SYMBOL_EXTENSIONS = YES;
				CLANG_ANALYZER_NONNULL = YES;
				CLANG_ANALYZER_NUMBER_OBJECT_CONVERSION = YES_AGGRESSIVE;
				CLANG_CXX_LANGUAGE_STANDARD = "gnu++20";
				CLANG_ENABLE_MODULES = YES;
				CLANG_ENABLE_OBJC_ARC = YES;
				CLANG_ENABLE_OBJC_WEAK = YES;
				CLANG_WARN_BLOCK_CAPTURE_AUTORELEASING = YES;
				CLANG_WARN_BOOL_CONVERSION = YES;
				CLANG_WARN_COMMA = YES;
				CLANG_WARN_CONSTANT_CONVERSION = YES;
				CLANG_WARN_DEPRECATED_OBJC_IMPLEMENTATIONS = YES;
				CLANG_WARN_DIRECT_OBJC_ISA_USAGE = YES_ERROR;
				CLANG_WARN_DOCUMENTATION_COMMENTS = YES;
				CLANG_WARN_EMPTY_BODY = YES;
				CLANG_WARN_ENUM_CONVERSION = YES;
				CLANG_WARN_INFINITE_RECURSION = YES;
				CLANG_WARN_INT_CONVERSION = YES;
				CLANG_WARN_NON_LITERAL_NULL_CONVERSION = YES;
				CLANG_WARN_OBJC_IMPLICIT_RETAIN_SELF = YES;
				CLANG_WARN_OBJC_LITERAL_CONVERSION = YES;
				CLANG_WARN_OBJC_ROOT_CLASS = YES_ERROR;
				CLANG_WARN_QUOTED_INCLUDE_IN_FRAMEWORK_HEADER = YES;
				CLANG_WARN_RANGE_LOOP_ANALYSIS = YES;
				CLANG_WARN_STRICT_PROTOTYPES = YES;
				CLANG_WARN_SUSPICIOUS_MOVE = YES;
				CLANG_WARN_UNGUARDED_AVAILABILITY = YES_AGGRESSIVE;
				CLANG_WARN_UNREACHABLE_CODE = YES;
				CLANG_WARN__DUPLICATE_METHOD_MATCH = YES;
				COPY_PHASE_STRIP = NO;
				DEBUG_INFORMATION_FORMAT = dwarf;
				DEVELOPMENT_TEAM = 9788FGYYY5;
				ENABLE_STRICT_OBJC_MSGSEND = YES;
				ENABLE_TESTABILITY = YES;
				ENABLE_USER_SCRIPT_SANDBOXING = YES;
				GCC_C_LANGUAGE_STANDARD = gnu17;
				GCC_DYNAMIC_NO_PIC = NO;
				GCC_NO_COMMON_BLOCKS = YES;
				GCC_OPTIMIZATION_LEVEL = 0;
				GCC_PREPROCESSOR_DEFINITIONS = (
					"DEBUG=1",
					"$(inherited)",
				);
				GCC_WARN_64_TO_32_BIT_CONVERSION = YES;
				GCC_WARN_ABOUT_RETURN_TYPE = YES_ERROR;
				GCC_WARN_UNDECLARED_SELECTOR = YES;
				GCC_WARN_UNINITIALIZED_AUTOS = YES_AGGRESSIVE;
				GCC_WARN_UNUSED_FUNCTION = YES;
				GCC_WARN_UNUSED_VARIABLE = YES;
				IPHONEOS_DEPLOYMENT_TARGET = 26.4;
				LOCALIZATION_PREFERS_STRING_CATALOGS = YES;
				MTL_ENABLE_DEBUG_INFO = INCLUDE_SOURCE;
				MTL_FAST_MATH = YES;
				ONLY_ACTIVE_ARCH = YES;
				SDKROOT = iphoneos;
				SWIFT_ACTIVE_COMPILATION_CONDITIONS = "DEBUG $(inherited)";
				SWIFT_OPTIMIZATION_LEVEL = "-Onone";
			};
			name = Debug;
		};
		3A9B18F22FBBF27500EF7F5E /* Release */ = {
			isa = XCBuildConfiguration;
			buildSettings = {
				ALWAYS_SEARCH_USER_PATHS = NO;
				ASSETCATALOG_COMPILER_GENERATE_SWIFT_ASSET_SYMBOL_EXTENSIONS = YES;
				CLANG_ANALYZER_NONNULL = YES;
				CLANG_ANALYZER_NUMBER_OBJECT_CONVERSION = YES_AGGRESSIVE;
				CLANG_CXX_LANGUAGE_STANDARD = "gnu++20";
				CLANG_ENABLE_MODULES = YES;
				CLANG_ENABLE_OBJC_ARC = YES;
				CLANG_ENABLE_OBJC_WEAK = YES;
				CLANG_WARN_BLOCK_CAPTURE_AUTORELEASING = YES;
				CLANG_WARN_BOOL_CONVERSION = YES;
				CLANG_WARN_COMMA = YES;
				CLANG_WARN_CONSTANT_CONVERSION = YES;
				CLANG_WARN_DEPRECATED_OBJC_IMPLEMENTATIONS = YES;
				CLANG_WARN_DIRECT_OBJC_ISA_USAGE = YES_ERROR;
				CLANG_WARN_DOCUMENTATION_COMMENTS = YES;
				CLANG_WARN_EMPTY_BODY = YES;
				CLANG_WARN_ENUM_CONVERSION = YES;
				CLANG_WARN_INFINITE_RECURSION = YES;
				CLANG_WARN_INT_CONVERSION = YES;
				CLANG_WARN_NON_LITERAL_NULL_CONVERSION = YES;
				CLANG_WARN_OBJC_IMPLICIT_RETAIN_SELF = YES;
				CLANG_WARN_OBJC_LITERAL_CONVERSION = YES;
				CLANG_WARN_OBJC_ROOT_CLASS = YES_ERROR;
				CLANG_WARN_QUOTED_INCLUDE_IN_FRAMEWORK_HEADER = YES;
				CLANG_WARN_RANGE_LOOP_ANALYSIS = YES;
				CLANG_WARN_STRICT_PROTOTYPES = YES;
				CLANG_WARN_SUSPICIOUS_MOVE = YES;
				CLANG_WARN_UNGUARDED_AVAILABILITY = YES_AGGRESSIVE;
				CLANG_WARN_UNREACHABLE_CODE = YES;
				CLANG_WARN__DUPLICATE_METHOD_MATCH = YES;
				COPY_PHASE_STRIP = NO;
				DEBUG_INFORMATION_FORMAT = "dwarf-with-dsym";
				DEVELOPMENT_TEAM = 9788FGYYY5;
				ENABLE_NS_ASSERTIONS = NO;
				ENABLE_STRICT_OBJC_MSGSEND = YES;
				ENABLE_USER_SCRIPT_SANDBOXING = YES;
				GCC_C_LANGUAGE_STANDARD = gnu17;
				GCC_NO_COMMON_BLOCKS = YES;
				GCC_WARN_64_TO_32_BIT_CONVERSION = YES;
				GCC_WARN_ABOUT_RETURN_TYPE = YES_ERROR;
				GCC_WARN_UNDECLARED_SELECTOR = YES;
				GCC_WARN_UNINITIALIZED_AUTOS = YES_AGGRESSIVE;
				GCC_WARN_UNUSED_FUNCTION = YES;
				GCC_WARN_UNUSED_VARIABLE = YES;
				IPHONEOS_DEPLOYMENT_TARGET = 26.4;
				LOCALIZATION_PREFERS_STRING_CATALOGS = YES;
				MTL_ENABLE_DEBUG_INFO = NO;
				MTL_FAST_MATH = YES;
				SDKROOT = iphoneos;
				SWIFT_COMPILATION_MODE = wholemodule;
				VALIDATE_PRODUCT = YES;
			};
			name = Release;
		};
		3A9B18F42FBBF27500EF7F5E /* Debug */ = {
			isa = XCBuildConfiguration;
			buildSettings = {
				ASSETCATALOG_COMPILER_APPICON_NAME = AppIcon;
				ASSETCATALOG_COMPILER_GLOBAL_ACCENT_COLOR_NAME = AccentColor;
				CODE_SIGN_STYLE = Automatic;
				CURRENT_PROJECT_VERSION = 1;
				DEVELOPMENT_TEAM = 9788FGYYY5;
				ENABLE_PREVIEWS = YES;
				GENERATE_INFOPLIST_FILE = YES;
				INFOPLIST_KEY_UIApplicationSceneManifest_Generation = YES;
				INFOPLIST_KEY_UIApplicationSupportsIndirectInputEvents = YES;
				INFOPLIST_KEY_UILaunchScreen_Generation = YES;
				INFOPLIST_KEY_UISupportedInterfaceOrientations_iPad = "UIInterfaceOrientationPortrait UIInterfaceOrientationPortraitUpsideDown UIInterfaceOrientationLandscapeLeft UIInterfaceOrientationLandscapeRight";
				INFOPLIST_KEY_UISupportedInterfaceOrientations_iPhone = "UIInterfaceOrientationPortrait UIInterfaceOrientationLandscapeLeft UIInterfaceOrientationLandscapeRight";
				LD_RUNPATH_SEARCH_PATHS = (
					"$(inherited)",
					"@executable_path/Frameworks",
				);
				MARKETING_VERSION = 1.0;
				PRODUCT_BUNDLE_IDENTIFIER = "swiftUI.test.SwiftUI-AI";
				PRODUCT_NAME = "$(TARGET_NAME)";
				STRING_CATALOG_GENERATE_SYMBOLS = YES;
				SWIFT_APPROACHABLE_CONCURRENCY = YES;
				SWIFT_DEFAULT_ACTOR_ISOLATION = MainActor;
				SWIFT_EMIT_LOC_STRINGS = YES;
				SWIFT_UPCOMING_FEATURE_MEMBER_IMPORT_VISIBILITY = YES;
				SWIFT_VERSION = 5.0;
				TARGETED_DEVICE_FAMILY = "1,2";
			};
			name = Debug;
		};
		3A9B18F52FBBF27500EF7F5E /* Release */ = {
			isa = XCBuildConfiguration;
			buildSettings = {
				ASSETCATALOG_COMPILER_APPICON_NAME = AppIcon;
				ASSETCATALOG_COMPILER_GLOBAL_ACCENT_COLOR_NAME = AccentColor;
				CODE_SIGN_STYLE = Automatic;
				CURRENT_PROJECT_VERSION = 1;
				DEVELOPMENT_TEAM = 9788FGYYY5;
				ENABLE_PREVIEWS = YES;
				GENERATE_INFOPLIST_FILE = YES;
				INFOPLIST_KEY_UIApplicationSceneManifest_Generation = YES;
				INFOPLIST_KEY_UIApplicationSupportsIndirectInputEvents = YES;
				INFOPLIST_KEY_UILaunchScreen_Generation = YES;
				INFOPLIST_KEY_UISupportedInterfaceOrientations_iPad = "UIInterfaceOrientationPortrait UIInterfaceOrientationPortraitUpsideDown UIInterfaceOrientationLandscapeLeft UIInterfaceOrientationLandscapeRight";
				INFOPLIST_KEY_UISupportedInterfaceOrientations_iPhone = "UIInterfaceOrientationPortrait UIInterfaceOrientationLandscapeLeft UIInterfaceOrientationLandscapeRight";
				LD_RUNPATH_SEARCH_PATHS = (
					"$(inherited)",
					"@executable_path/Frameworks",
				);
				MARKETING_VERSION = 1.0;
				PRODUCT_BUNDLE_IDENTIFIER = "swiftUI.test.SwiftUI-AI";
				PRODUCT_NAME = "$(TARGET_NAME)";
				STRING_CATALOG_GENERATE_SYMBOLS = YES;
				SWIFT_APPROACHABLE_CONCURRENCY = YES;
				SWIFT_DEFAULT_ACTOR_ISOLATION = MainActor;
				SWIFT_EMIT_LOC_STRINGS = YES;
				SWIFT_UPCOMING_FEATURE_MEMBER_IMPORT_VISIBILITY = YES;
				SWIFT_VERSION = 5.0;
				TARGETED_DEVICE_FAMILY = "1,2";
			};
			name = Release;
		};
		3A9B18F72FBBF27500EF7F5E /* Debug */ = {
			isa = XCBuildConfiguration;
			buildSettings = {
				BUNDLE_LOADER = "$(TEST_HOST)";
				CODE_SIGN_STYLE = Automatic;
				CURRENT_PROJECT_VERSION = 1;
				DEVELOPMENT_TEAM = 9788FGYYY5;
				GENERATE_INFOPLIST_FILE = YES;
				IPHONEOS_DEPLOYMENT_TARGET = 26.4;
				MARKETING_VERSION = 1.0;
				PRODUCT_BUNDLE_IDENTIFIER = "swiftUI.test.SwiftUI-AITests";
				PRODUCT_NAME = "$(TARGET_NAME)";
				STRING_CATALOG_GENERATE_SYMBOLS = NO;
				SWIFT_APPROACHABLE_CONCURRENCY = YES;
				SWIFT_EMIT_LOC_STRINGS = NO;
				SWIFT_UPCOMING_FEATURE_MEMBER_IMPORT_VISIBILITY = YES;
				SWIFT_VERSION = 5.0;
				TARGETED_DEVICE_FAMILY = "1,2";
				TEST_HOST = "$(BUILT_PRODUCTS_DIR)/SwiftUI_AI.app/$(BUNDLE_EXECUTABLE_FOLDER_PATH)/SwiftUI_AI";
			};
			name = Debug;
		};
		3A9B18F82FBBF27500EF7F5E /* Release */ = {
			isa = XCBuildConfiguration;
			buildSettings = {
				BUNDLE_LOADER = "$(TEST_HOST)";
				CODE_SIGN_STYLE = Automatic;
				CURRENT_PROJECT_VERSION = 1;
				DEVELOPMENT_TEAM = 9788FGYYY5;
				GENERATE_INFOPLIST_FILE = YES;
				IPHONEOS_DEPLOYMENT_TARGET = 26.4;
				MARKETING_VERSION = 1.0;
				PRODUCT_BUNDLE_IDENTIFIER = "swiftUI.test.SwiftUI-AITests";
				PRODUCT_NAME = "$(TARGET_NAME)";
				STRING_CATALOG_GENERATE_SYMBOLS = NO;
				SWIFT_APPROACHABLE_CONCURRENCY = YES;
				SWIFT_EMIT_LOC_STRINGS = NO;
				SWIFT_UPCOMING_FEATURE_MEMBER_IMPORT_VISIBILITY = YES;
				SWIFT_VERSION = 5.0;
				TARGETED_DEVICE_FAMILY = "1,2";
				TEST_HOST = "$(BUILT_PRODUCTS_DIR)/SwiftUI_AI.app/$(BUNDLE_EXECUTABLE_FOLDER_PATH)/SwiftUI_AI";
			};
			name = Release;
		};
		3A9B18FA2FBBF27500EF7F5E /* Debug */ = {
			isa = XCBuildConfiguration;
			buildSettings = {
				CODE_SIGN_STYLE = Automatic;
				CURRENT_PROJECT_VERSION = 1;
				DEVELOPMENT_TEAM = 9788FGYYY5;
				GENERATE_INFOPLIST_FILE = YES;
				MARKETING_VERSION = 1.0;
				PRODUCT_BUNDLE_IDENTIFIER = "swiftUI.test.SwiftUI-AIUITests";
				PRODUCT_NAME = "$(TARGET_NAME)";
				STRING_CATALOG_GENERATE_SYMBOLS = NO;
				SWIFT_APPROACHABLE_CONCURRENCY = YES;
				SWIFT_EMIT_LOC_STRINGS = NO;
				SWIFT_UPCOMING_FEATURE_MEMBER_IMPORT_VISIBILITY = YES;
				SWIFT_VERSION = 5.0;
				TARGETED_DEVICE_FAMILY = "1,2";
				TEST_TARGET_NAME = SwiftUI_AI;
			};
			name = Debug;
		};
		3A9B18FB2FBBF27500EF7F5E /* Release */ = {
			isa = XCBuildConfiguration;
			buildSettings = {
				CODE_SIGN_STYLE = Automatic;
				CURRENT_PROJECT_VERSION = 1;
				DEVELOPMENT_TEAM = 9788FGYYY5;
				GENERATE_INFOPLIST_FILE = YES;
				MARKETING_VERSION = 1.0;
				PRODUCT_BUNDLE_IDENTIFIER = "swiftUI.test.SwiftUI-AIUITests";
				PRODUCT_NAME = "$(TARGET_NAME)";
				STRING_CATALOG_GENERATE_SYMBOLS = NO;
				SWIFT_APPROACHABLE_CONCURRENCY = YES;
				SWIFT_EMIT_LOC_STRINGS = NO;
				SWIFT_UPCOMING_FEATURE_MEMBER_IMPORT_VISIBILITY = YES;
				SWIFT_VERSION = 5.0;
				TARGETED_DEVICE_FAMILY = "1,2";
				TEST_TARGET_NAME = SwiftUI_AI;
			};
			name = Release;
		};
/* End XCBuildConfiguration section */

/* Begin XCConfigurationList section */
		3A9B18CD2FBBF27200EF7F5E /* Build configuration list for PBXProject "SwiftUI_AI" */ = {
			isa = XCConfigurationList;
			buildConfigurations = (
				3A9B18F12FBBF27500EF7F5E /* Debug */,
				3A9B18F22FBBF27500EF7F5E /* Release */,
			);
			defaultConfigurationIsVisible = 0;
			defaultConfigurationName = Release;
		};
		3A9B18F32FBBF27500EF7F5E /* Build configuration list for PBXNativeTarget "SwiftUI_AI" */ = {
			isa = XCConfigurationList;
			buildConfigurations = (
				3A9B18F42FBBF27500EF7F5E /* Debug */,
				3A9B18F52FBBF27500EF7F5E /* Release */,
			);
			defaultConfigurationIsVisible = 0;
			defaultConfigurationName = Release;
		};
		3A9B18F62FBBF27500EF7F5E /* Build configuration list for PBXNativeTarget "SwiftUI_AITests" */ = {
			isa = XCConfigurationList;
			buildConfigurations = (
				3A9B18F72FBBF27500EF7F5E /* Debug */,
				3A9B18F82FBBF27500EF7F5E /* Release */,
			);
			defaultConfigurationIsVisible = 0;
			defaultConfigurationName = Release;
		};
		3A9B18F92FBBF27500EF7F5E /* Build configuration list for PBXNativeTarget "SwiftUI_AIUITests" */ = {
			isa = XCConfigurationList;
			buildConfigurations = (
				3A9B18FA2FBBF27500EF7F5E /* Debug */,
				3A9B18FB2FBBF27500EF7F5E /* Release */,
			);
			defaultConfigurationIsVisible = 0;
			defaultConfigurationName = Release;
		};
/* End XCConfigurationList section */
	};
	rootObject = 3A9B18CA2FBBF27200EF7F5E /* Project object */;
}
